
Microsoft Visual Studio Solution File, Format Version 12.00
# Visual Studio 15
VisualStudioVersion = 15.0.28307.106
MinimumVisualStudioVersion = 10.0.40219.1
Project("{FAE04EC0-301F-11D3-BF4B-00C04F79EFBC}") = "CrudGeneratorForm", "CrudGeneratorForm\CrudGeneratorForm.csproj", "{999FFD38-F230-4BA2-A1C2-ED2B693F9A36}"
EndProject
Project("{FAE04EC0-301F-11D3-BF4B-00C04F79EFBC}") = "CrudGeneratorTest", "CrudGeneratorTest\CrudGeneratorTest.csproj", "{E06AB4B9-14FC-4835-9327-250AF7E56D70}"
EndProject
Global
	GlobalSection(SolutionConfigurationPlatforms) = preSolution
		Debug|Any CPU = Debug|Any CPU
		Release|Any CPU = Release|Any CPU
	EndGlobalSection
	GlobalSection(ProjectConfigurationPlatforms) = postSolution
		{999FFD38-F230-4BA2-A1C2-ED2B693F9A36}.Debug|Any CPU.ActiveCfg = Debug|Any CPU
		{999FFD38-F230-4BA2-A1C2-ED2B693F9A36}.Debug|Any CPU.Build.0 = Debug|Any CPU
		{999FFD38-F230-4BA2-A1C2-ED2B693F9A36}.Release|Any CPU.ActiveCfg = Release|Any CPU
		{999FFD38-F230-4BA2-A1C2-ED2B693F9A36}.Release|Any CPU.Build.0 = Release|Any CPU
		{E06AB4B9-14FC-4835-9327-250AF7E56D70}.Debug|Any CPU.ActiveCfg = Debug|Any CPU
		{E06AB4B9-14FC-4835-9327-250AF7E56D70}.Debug|Any CPU.Build.0 = Debug|Any CPU
		{E06AB4B9-14FC-4835-9327-250AF7E56D70}.Release|Any CPU.ActiveCfg = Release|Any CPU
		{E06AB4B9-14FC-4835-9327-250AF7E56D70}.Release|Any CPU.Build.0 = Release|Any CPU
	EndGlobalSection
	GlobalSection(SolutionProperties) = preSolution
		HideSolutionNode = FALSE
	EndGlobalSection
	GlobalSection(ExtensibilityGlobals) = postSolution
		SolutionGuid = {92D537C5-F567-40BD-997F-AD0952728F3B}
	EndGlobalSection
	GlobalSection(TeamFoundationVersionControl) = preSolution
		SccNumberOfProjects = 3
		SccEnterpriseProvider = {4CA58AB2-18FA-4F8D-95D4-32DDF27D184C}
		SccTeamFoundationServer = https://emanuelferreira.visualstudio.com/
		SccLocalPath0 = .
		SccProjectUniqueName1 = CrudGeneratorForm\\CrudGeneratorForm.csproj
		SccProjectName1 = CrudGeneratorForm
		SccLocalPath1 = CrudGeneratorForm
		SccProjectUniqueName2 = CrudGeneratorTest\\CrudGeneratorTest.csproj
		SccProjectName2 = CrudGeneratorTest
		SccLocalPath2 = CrudGeneratorTest
	EndGlobalSection
EndGlobal
